
Microsoft Visual Studio Solution File, Format Version 12.00
# Visual Studio 14
VisualStudioVersion = 14.0.23107.0
MinimumVisualStudioVersion = 10.0.40219.1
Project("{FAE04EC0-301F-11D3-BF4B-00C04F79EFBC}") = "OrcSharp", "OrcSharp\OrcSharp.csproj", "{322BCFDA-CE81-4550-B90D-3E463273C6EF}"
EndProject
Project("{FAE04EC0-301F-11D3-BF4B-00C04F79EFBC}") = "OrcSharpTests", "OrcSharpTests\OrcSharpTests.csproj", "{5D952160-7775-4B36-8468-4039AB88398A}"
EndProject
Project("{2150E333-8FDC-42A3-9474-1A3956D46DE8}") = ".nuget", ".nuget", "{BBF6240F-8979-421C-93D4-F471E3695806}"
	ProjectSection(SolutionItems) = preProject
		.nuget\packages.config = .nuget\packages.config
	EndProjectSection
EndProject
Global
	GlobalSection(SolutionConfigurationPlatforms) = preSolution
		Debug|Any CPU = Debug|Any CPU
		Release|Any CPU = Release|Any CPU
	EndGlobalSection
	GlobalSection(ProjectConfigurationPlatforms) = postSolution
		{322BCFDA-CE81-4550-B90D-3E463273C6EF}.Debug|Any CPU.ActiveCfg = Debug|Any CPU
		{322BCFDA-CE81-4550-B90D-3E463273C6EF}.Debug|Any CPU.Build.0 = Debug|Any CPU
		{322BCFDA-CE81-4550-B90D-3E463273C6EF}.Release|Any CPU.ActiveCfg = Release|Any CPU
		{322BCFDA-CE81-4550-B90D-3E463273C6EF}.Release|Any CPU.Build.0 = Release|Any CPU
		{5D952160-7775-4B36-8468-4039AB88398A}.Debug|Any CPU.ActiveCfg = Debug|Any CPU
		{5D952160-7775-4B36-8468-4039AB88398A}.Debug|Any CPU.Build.0 = Debug|Any CPU
		{5D952160-7775-4B36-8468-4039AB88398A}.Release|Any CPU.ActiveCfg = Release|Any CPU
		{5D952160-7775-4B36-8468-4039AB88398A}.Release|Any CPU.Build.0 = Release|Any CPU
	EndGlobalSection
	GlobalSection(SolutionProperties) = preSolution
		HideSolutionNode = FALSE
	EndGlobalSection
EndGlobal
